
Microsoft Visual Studio Solution File, Format Version 12.00
# Visual Studio Version 16
VisualStudioVersion = 16.0.29609.76
MinimumVisualStudioVersion = 10.0.40219.1
Project("{FAE04EC0-301F-11D3-BF4B-00C04F79EFBC}") = "SistemaSalao", "SistemaSalao\SistemaSalao.csproj", "{F3CE9D3F-2547-416C-B96B-352620FFF0AB}"
EndProject
Global
	GlobalSection(SolutionConfigurationPlatforms) = preSolution
		Debug|Any CPU = Debug|Any CPU
		Release|Any CPU = Release|Any CPU
	EndGlobalSection
	GlobalSection(ProjectConfigurationPlatforms) = postSolution
		{F3CE9D3F-2547-416C-B96B-352620FFF0AB}.Debug|Any CPU.ActiveCfg = Debug|Any CPU
		{F3CE9D3F-2547-416C-B96B-352620FFF0AB}.Debug|Any CPU.Build.0 = Debug|Any CPU
		{F3CE9D3F-2547-416C-B96B-352620FFF0AB}.Release|Any CPU.ActiveCfg = Release|Any CPU
		{F3CE9D3F-2547-416C-B96B-352620FFF0AB}.Release|Any CPU.Build.0 = Release|Any CPU
	EndGlobalSection
	GlobalSection(SolutionProperties) = preSolution
		HideSolutionNode = FALSE
	EndGlobalSection
	GlobalSection(ExtensibilityGlobals) = postSolution
		SolutionGuid = {06E76F29-596B-4F71-AD4B-86143461CB09}
	EndGlobalSection
EndGlobal
